
Microsoft Visual Studio Solution File, Format Version 12.00
# Visual Studio Version 17
VisualStudioVersion = 17.11.35327.3
MinimumVisualStudioVersion = 10.0.40219.1
Project("{9A19103F-16F7-4668-BE54-9A1E7A4F7556}") = "MavenVersionChecker.Action", "MavenVersionChecker.Action\MavenVersionChecker.Action.csproj", "{220E9864-E863-4FD4-A06D-C42A3A675C78}"
EndProject
Project("{FAE04EC0-301F-11D3-BF4B-00C04F79EFBC}") = "MavenVersionChecker.Action.Tests", "MavenVersionChecker.Action.Tests\MavenVersionChecker.Action.Tests.csproj", "{3FE4AA37-3D37-4A2B-BBC2-D7CF216AC0B8}"
EndProject
Global
	GlobalSection(SolutionConfigurationPlatforms) = preSolution
		Debug|Any CPU = Debug|Any CPU
		Release|Any CPU = Release|Any CPU
	EndGlobalSection
	GlobalSection(ProjectConfigurationPlatforms) = postSolution
		{220E9864-E863-4FD4-A06D-C42A3A675C78}.Debug|Any CPU.ActiveCfg = Debug|Any CPU
		{220E9864-E863-4FD4-A06D-C42A3A675C78}.Debug|Any CPU.Build.0 = Debug|Any CPU
		{220E9864-E863-4FD4-A06D-C42A3A675C78}.Release|Any CPU.ActiveCfg = Release|Any CPU
		{220E9864-E863-4FD4-A06D-C42A3A675C78}.Release|Any CPU.Build.0 = Release|Any CPU
		{3FE4AA37-3D37-4A2B-BBC2-D7CF216AC0B8}.Debug|Any CPU.ActiveCfg = Debug|Any CPU
		{3FE4AA37-3D37-4A2B-BBC2-D7CF216AC0B8}.Debug|Any CPU.Build.0 = Debug|Any CPU
		{3FE4AA37-3D37-4A2B-BBC2-D7CF216AC0B8}.Release|Any CPU.ActiveCfg = Release|Any CPU
		{3FE4AA37-3D37-4A2B-BBC2-D7CF216AC0B8}.Release|Any CPU.Build.0 = Release|Any CPU
	EndGlobalSection
	GlobalSection(SolutionProperties) = preSolution
		HideSolutionNode = FALSE
	EndGlobalSection
	GlobalSection(ExtensibilityGlobals) = postSolution
		SolutionGuid = {92BEF736-D6FB-498E-99B5-2EC2A6A580B3}
	EndGlobalSection
EndGlobal
